# This file is autogenerated, do not edit; changes may be undone by the next 'dep ensure'.


[[projects]]
  branch = "master"
  name = "github.com/zeebo/bencode"
  packages = ["."]
  revision = "d522839ac797fc43269dae6a04a1f8be475a915d"

[solve-meta]
  analyzer-name = "dep"
  analyzer-version = 1
  inputs-digest = "2b7d5ad1d38fdc70743d491d338c00bf78ea76ad6712345da86e5031b9790af5"
  solver-name = "gps-cdcl"
  solver-version = 1
